{
  "name": "react-tutorial",
  "version": "0.0.0",
  "npm-shrinkwrap-version": "3.1.8",
  "dependencies": {
    "body-parser": {
      "version": "1.9.0",
      "resolved": "https://registry.npmjs.org/body-parser/-/body-parser-1.9.0.tgz",
      "dependencies": {
        "bytes": {
          "version": "1.0.0",
          "resolved": "https://registry.npmjs.org/bytes/-/bytes-1.0.0.tgz"
        },
        "depd": {
          "version": "1.0.0",
          "resolved": "https://registry.npmjs.org/depd/-/depd-1.0.0.tgz"
        },
        "iconv-lite": {
          "version": "0.4.4",
          "resolved": "https://registry.npmjs.org/iconv-lite/-/iconv-lite-0.4.4.tgz"
        },
        "media-typer": {
          "version": "0.3.0",
          "resolved": "https://registry.npmjs.org/media-typer/-/media-typer-0.3.0.tgz"
        },
        "on-finished": {
          "version": "2.1.0",
          "resolved": "https://registry.npmjs.org/on-finished/-/on-finished-2.1.0.tgz",
          "dependencies": {
            "ee-first": {
              "version": "1.0.5",
              "resolved": "https://registry.npmjs.org/ee-first/-/ee-first-1.0.5.tgz"
            }
          }
        },
        "qs": {
          "version": "2.2.4",
          "resolved": "https://registry.npmjs.org/qs/-/qs-2.2.4.tgz"
        },
        "raw-body": {
          "version": "1.3.0",
          "resolved": "https://registry.npmjs.org/raw-body/-/raw-body-1.3.0.tgz"
        },
        "type-is": {
          "version": "1.5.2",
          "resolved": "https://registry.npmjs.org/type-is/-/type-is-1.5.2.tgz",
          "dependencies": {
            "mime-types": {
              "version": "2.0.2",
              "resolved": "https://registry.npmjs.org/mime-types/-/mime-types-2.0.2.tgz",
              "dependencies": {
                "mime-db": {
                  "version": "1.1.1",
                  "resolved": "https://registry.npmjs.org/mime-db/-/mime-db-1.1.1.tgz"
                }
              }
            }
          }
        }
      }
    },
    "bootstrap": {
      "version": "3.2.0",
      "resolved": "https://registry.npmjs.org/bootstrap/-/bootstrap-3.2.0.tgz"
    },
    "bootstrap-webpack": {
      "version": "0.0.3",
      "resolved": "https://registry.npmjs.org/bootstrap-webpack/-/bootstrap-webpack-0.0.3.tgz",
      "dependencies": {
        "css-loader": {
          "version": "0.6.12",
          "resolved": "https://registry.npmjs.org/css-loader/-/css-loader-0.6.12.tgz",
          "dependencies": {
            "csso": {
              "version": "1.3.11",
              "resolved": "https://registry.npmjs.org/csso/-/csso-1.3.11.tgz"
            },
            "source-map": {
              "version": "0.1.39",
              "resolved": "https://registry.npmjs.org/source-map/-/source-map-0.1.39.tgz",
              "dependencies": {
                "amdefine": {
                  "version": "0.1.0",
                  "resolved": "https://registry.npmjs.org/amdefine/-/amdefine-0.1.0.tgz"
                }
              }
            }
          }
        },
        "less-loader": {
          "version": "0.6.2",
          "resolved": "https://registry.npmjs.org/less-loader/-/less-loader-0.6.2.tgz",
          "dependencies": {
            "less": {
              "version": "1.5.1",
              "resolved": "https://registry.npmjs.org/less/-/less-1.5.1.tgz",
              "dependencies": {
                "clean-css": {
                  "version": "2.0.8",
                  "resolved": "https://registry.npmjs.org/clean-css/-/clean-css-2.0.8.tgz",
                  "dependencies": {
                    "commander": {
                      "version": "2.0.0",
                      "resolved": "https://registry.npmjs.org/commander/-/commander-2.0.0.tgz"
                    }
                  }
                },
                "mime": {
                  "version": "1.2.11",
                  "resolved": "https://registry.npmjs.org/mime/-/mime-1.2.11.tgz"
                },
                "mkdirp": {
                  "version": "0.3.5",
                  "resolved": "https://registry.npmjs.org/mkdirp/-/mkdirp-0.3.5.tgz"
                },
                "request": {
                  "version": "2.44.0",
                  "resolved": "https://registry.npmjs.org/request/-/request-2.44.0.tgz",
                  "dependencies": {
                    "aws-sign2": {
                      "version": "0.5.0",
                      "resolved": "https://registry.npmjs.org/aws-sign2/-/aws-sign2-0.5.0.tgz"
                    },
                    "bl": {
                      "version": "0.9.3",
                      "resolved": "https://registry.npmjs.org/bl/-/bl-0.9.3.tgz",
                      "dependencies": {
                        "readable-stream": {
                          "version": "1.0.32",
                          "resolved": "https://registry.npmjs.org/readable-stream/-/readable-stream-1.0.32.tgz",
                          "dependencies": {
                            "core-util-is": {
                              "version": "1.0.1",
                              "resolved": "https://registry.npmjs.org/core-util-is/-/core-util-is-1.0.1.tgz"
                            },
                            "inherits": {
                              "version": "2.0.1",
                              "resolved": "https://registry.npmjs.org/inherits/-/inherits-2.0.1.tgz"
                            },
                            "isarray": {
                              "version": "0.0.1",
                              "resolved": "https://registry.npmjs.org/isarray/-/isarray-0.0.1.tgz"
                            },
                            "string_decoder": {
                              "version": "0.10.31",
                              "resolved": "https://registry.npmjs.org/string_decoder/-/string_decoder-0.10.31.tgz"
                            }
                          }
                        }
                      }
                    },
                    "caseless": {
                      "version": "0.6.0",
                      "resolved": "https://registry.npmjs.org/caseless/-/caseless-0.6.0.tgz"
                    },
                    "forever-agent": {
                      "version": "0.5.2",
                      "resolved": "https://registry.npmjs.org/forever-agent/-/forever-agent-0.5.2.tgz"
                    },
                    "form-data": {
                      "version": "0.1.4",
                      "resolved": "https://registry.npmjs.org/form-data/-/form-data-0.1.4.tgz",
                      "dependencies": {
                        "async": {
                          "version": "0.9.0",
                          "resolved": "https://registry.npmjs.org/async/-/async-0.9.0.tgz"
                        },
                        "combined-stream": {
                          "version": "0.0.5",
                          "resolved": "https://registry.npmjs.org/combined-stream/-/combined-stream-0.0.5.tgz",
                          "dependencies": {
                            "delayed-stream": {
                              "version": "0.0.5",
                              "resolved": "https://registry.npmjs.org/delayed-stream/-/delayed-stream-0.0.5.tgz"
                            }
                          }
                        }
                      }
                    },
                    "hawk": {
                      "version": "1.1.1",
                      "resolved": "https://registry.npmjs.org/hawk/-/hawk-1.1.1.tgz",
                      "dependencies": {
                        "boom": {
                          "version": "0.4.2",
                          "resolved": "https://registry.npmjs.org/boom/-/boom-0.4.2.tgz"
                        },
                        "cryptiles": {
                          "version": "0.2.2",
                          "resolved": "https://registry.npmjs.org/cryptiles/-/cryptiles-0.2.2.tgz"
                        },
                        "hoek": {
                          "version": "0.9.1",
                          "resolved": "https://registry.npmjs.org/hoek/-/hoek-0.9.1.tgz"
                        },
                        "sntp": {
                          "version": "0.2.4",
                          "resolved": "https://registry.npmjs.org/sntp/-/sntp-0.2.4.tgz"
                        }
                      }
                    },
                    "http-signature": {
                      "version": "0.10.0",
                      "resolved": "https://registry.npmjs.org/http-signature/-/http-signature-0.10.0.tgz",
                      "dependencies": {
                        "asn1": {
                          "version": "0.1.11",
                          "resolved": "https://registry.npmjs.org/asn1/-/asn1-0.1.11.tgz"
                        },
                        "assert-plus": {
                          "version": "0.1.2",
                          "resolved": "https://registry.npmjs.org/assert-plus/-/assert-plus-0.1.2.tgz"
                        },
                        "ctype": {
                          "version": "0.5.2",
                          "resolved": "https://registry.npmjs.org/ctype/-/ctype-0.5.2.tgz"
                        }
                      }
                    },
                    "json-stringify-safe": {
                      "version": "5.0.0",
                      "resolved": "https://registry.npmjs.org/json-stringify-safe/-/json-stringify-safe-5.0.0.tgz"
                    },
                    "mime-types": {
                      "version": "1.0.2",
                      "resolved": "https://registry.npmjs.org/mime-types/-/mime-types-1.0.2.tgz"
                    },
                    "node-uuid": {
                      "version": "1.4.1",
                      "resolved": "https://registry.npmjs.org/node-uuid/-/node-uuid-1.4.1.tgz"
                    },
                    "oauth-sign": {
                      "version": "0.4.0",
                      "resolved": "https://registry.npmjs.org/oauth-sign/-/oauth-sign-0.4.0.tgz"
                    },
                    "qs": {
                      "version": "1.2.2",
                      "resolved": "https://registry.npmjs.org/qs/-/qs-1.2.2.tgz"
                    },
                    "stringstream": {
                      "version": "0.0.4",
                      "resolved": "https://registry.npmjs.org/stringstream/-/stringstream-0.0.4.tgz"
                    },
                    "tough-cookie": {
                      "version": "0.12.1",
                      "resolved": "https://registry.npmjs.org/tough-cookie/-/tough-cookie-0.12.1.tgz",
                      "dependencies": {
                        "punycode": {
                          "version": "1.3.1",
                          "resolved": "https://registry.npmjs.org/punycode/-/punycode-1.3.1.tgz"
                        }
                      }
                    },
                    "tunnel-agent": {
                      "version": "0.4.0",
                      "resolved": "https://registry.npmjs.org/tunnel-agent/-/tunnel-agent-0.4.0.tgz"
                    }
                  }
                },
                "source-map": {
                  "version": "0.1.39",
                  "resolved": "https://registry.npmjs.org/source-map/-/source-map-0.1.39.tgz",
                  "dependencies": {
                    "amdefine": {
                      "version": "0.1.0",
                      "resolved": "https://registry.npmjs.org/amdefine/-/amdefine-0.1.0.tgz"
                    }
                  }
                }
              }
            }
          }
        },
        "style-loader": {
          "version": "0.6.5",
          "resolved": "https://registry.npmjs.org/style-loader/-/style-loader-0.6.5.tgz"
        }
      }
    },
    "es6-loader": {
      "version": "0.2.0",
      "resolved": "https://registry.npmjs.org/es6-loader/-/es6-loader-0.2.0.tgz",
      "dependencies": {
        "es6-module-transpiler": {
          "version": "0.4.0",
          "resolved": "https://registry.npmjs.org/es6-module-transpiler/-/es6-module-transpiler-0.4.0.tgz",
          "dependencies": {
            "optimist": {
              "version": "0.3.7",
              "resolved": "https://registry.npmjs.org/optimist/-/optimist-0.3.7.tgz",
              "dependencies": {
                "wordwrap": {
                  "version": "0.0.2",
                  "resolved": "https://registry.npmjs.org/wordwrap/-/wordwrap-0.0.2.tgz"
                }
              }
            },
            "through": {
              "version": "2.3.6",
              "resolved": "https://registry.npmjs.org/through/-/through-2.3.6.tgz"
            }
          }
        },
        "es6-transpiler": {
          "version": "0.7.17",
          "resolved": "https://registry.npmjs.org/es6-transpiler/-/es6-transpiler-0.7.17.tgz",
          "dependencies": {
            "ansidiff": {
              "version": "1.0.0",
              "resolved": "https://registry.npmjs.org/ansidiff/-/ansidiff-1.0.0.tgz",
              "dependencies": {
                "diff": {
                  "version": "1.0.8",
                  "resolved": "https://registry.npmjs.org/diff/-/diff-1.0.8.tgz"
                }
              }
            },
            "astquery": {
              "version": "0.0.11",
              "resolved": "https://registry.npmjs.org/astquery/-/astquery-0.0.11.tgz"
            },
            "es5-shim": {
              "version": "4.0.3",
              "resolved": "https://registry.npmjs.org/es5-shim/-/es5-shim-4.0.3.tgz"
            },
            "es6-shim": {
              "version": "0.19.1",
              "resolved": "https://registry.npmjs.org/es6-shim/-/es6-shim-0.19.1.tgz"
            },
            "jsesc": {
              "version": "0.5.0",
              "resolved": "https://registry.npmjs.org/jsesc/-/jsesc-0.5.0.tgz"
            },
            "regenerate": {
              "version": "1.0.1",
              "resolved": "https://registry.npmjs.org/regenerate/-/regenerate-1.0.1.tgz"
            },
            "simple-fmt": {
              "version": "0.1.0",
              "resolved": "https://registry.npmjs.org/simple-fmt/-/simple-fmt-0.1.0.tgz"
            },
            "simple-is": {
              "version": "0.2.0",
              "resolved": "https://registry.npmjs.org/simple-is/-/simple-is-0.2.0.tgz"
            },
            "string-alter": {
              "version": "0.7.3",
              "resolved": "https://registry.npmjs.org/string-alter/-/string-alter-0.7.3.tgz"
            },
            "stringmap": {
              "version": "0.2.2",
              "resolved": "https://registry.npmjs.org/stringmap/-/stringmap-0.2.2.tgz"
            },
            "stringset": {
              "version": "0.2.1",
              "resolved": "https://registry.npmjs.org/stringset/-/stringset-0.2.1.tgz"
            }
          }
        },
        "extend": {
          "version": "1.2.1",
          "resolved": "https://registry.npmjs.org/extend/-/extend-1.2.1.tgz"
        }
      }
    },
    "express": {
      "version": "4.9.8",
      "resolved": "https://registry.npmjs.org/express/-/express-4.9.8.tgz",
      "dependencies": {
        "accepts": {
          "version": "1.1.2",
          "resolved": "https://registry.npmjs.org/accepts/-/accepts-1.1.2.tgz",
          "dependencies": {
            "mime-types": {
              "version": "2.0.2",
              "resolved": "https://registry.npmjs.org/mime-types/-/mime-types-2.0.2.tgz",
              "dependencies": {
                "mime-db": {
                  "version": "1.1.1",
                  "resolved": "https://registry.npmjs.org/mime-db/-/mime-db-1.1.1.tgz"
                }
              }
            },
            "negotiator": {
              "version": "0.4.9",
              "resolved": "https://registry.npmjs.org/negotiator/-/negotiator-0.4.9.tgz"
            }
          }
        },
        "cookie": {
          "version": "0.1.2",
          "resolved": "https://registry.npmjs.org/cookie/-/cookie-0.1.2.tgz"
        },
        "cookie-signature": {
          "version": "1.0.5",
          "resolved": "https://registry.npmjs.org/cookie-signature/-/cookie-signature-1.0.5.tgz"
        },
        "debug": {
          "version": "2.0.0",
          "resolved": "https://registry.npmjs.org/debug/-/debug-2.0.0.tgz",
          "dependencies": {
            "ms": {
              "version": "0.6.2",
              "resolved": "https://registry.npmjs.org/ms/-/ms-0.6.2.tgz"
            }
          }
        },
        "depd": {
          "version": "0.4.5",
          "resolved": "https://registry.npmjs.org/depd/-/depd-0.4.5.tgz"
        },
        "escape-html": {
          "version": "1.0.1",
          "resolved": "https://registry.npmjs.org/escape-html/-/escape-html-1.0.1.tgz"
        },
        "etag": {
          "version": "1.4.0",
          "resolved": "https://registry.npmjs.org/etag/-/etag-1.4.0.tgz",
          "dependencies": {
            "crc": {
              "version": "3.0.0",
              "resolved": "https://registry.npmjs.org/crc/-/crc-3.0.0.tgz"
            }
          }
        },
        "finalhandler": {
          "version": "0.2.0",
          "resolved": "https://registry.npmjs.org/finalhandler/-/finalhandler-0.2.0.tgz"
        },
        "fresh": {
          "version": "0.2.4",
          "resolved": "https://registry.npmjs.org/fresh/-/fresh-0.2.4.tgz"
        },
        "media-typer": {
          "version": "0.3.0",
          "resolved": "https://registry.npmjs.org/media-typer/-/media-typer-0.3.0.tgz"
        },
        "merge-descriptors": {
          "version": "0.0.2",
          "resolved": "https://registry.npmjs.org/merge-descriptors/-/merge-descriptors-0.0.2.tgz"
        },
        "methods": {
          "version": "1.1.0",
          "resolved": "https://registry.npmjs.org/methods/-/methods-1.1.0.tgz"
        },
        "on-finished": {
          "version": "2.1.0",
          "resolved": "https://registry.npmjs.org/on-finished/-/on-finished-2.1.0.tgz",
          "dependencies": {
            "ee-first": {
              "version": "1.0.5",
              "resolved": "https://registry.npmjs.org/ee-first/-/ee-first-1.0.5.tgz"
            }
          }
        },
        "parseurl": {
          "version": "1.3.0",
          "resolved": "https://registry.npmjs.org/parseurl/-/parseurl-1.3.0.tgz"
        },
        "path-to-regexp": {
          "version": "0.1.3",
          "resolved": "https://registry.npmjs.org/path-to-regexp/-/path-to-regexp-0.1.3.tgz"
        },
        "proxy-addr": {
          "version": "1.0.3",
          "resolved": "https://registry.npmjs.org/proxy-addr/-/proxy-addr-1.0.3.tgz",
          "dependencies": {
            "forwarded": {
              "version": "0.1.0",
              "resolved": "https://registry.npmjs.org/forwarded/-/forwarded-0.1.0.tgz"
            },
            "ipaddr.js": {
              "version": "0.1.3",
              "resolved": "https://registry.npmjs.org/ipaddr.js/-/ipaddr.js-0.1.3.tgz"
            }
          }
        },
        "qs": {
          "version": "2.2.4",
          "resolved": "https://registry.npmjs.org/qs/-/qs-2.2.4.tgz"
        },
        "range-parser": {
          "version": "1.0.2",
          "resolved": "https://registry.npmjs.org/range-parser/-/range-parser-1.0.2.tgz"
        },
        "send": {
          "version": "0.9.3",
          "resolved": "https://registry.npmjs.org/send/-/send-0.9.3.tgz",
          "dependencies": {
            "destroy": {
              "version": "1.0.3",
              "resolved": "https://registry.npmjs.org/destroy/-/destroy-1.0.3.tgz"
            },
            "mime": {
              "version": "1.2.11",
              "resolved": "https://registry.npmjs.org/mime/-/mime-1.2.11.tgz"
            },
            "ms": {
              "version": "0.6.2",
              "resolved": "https://registry.npmjs.org/ms/-/ms-0.6.2.tgz"
            }
          }
        },
        "serve-static": {
          "version": "1.6.4",
          "resolved": "https://registry.npmjs.org/serve-static/-/serve-static-1.6.4.tgz"
        },
        "type-is": {
          "version": "1.5.2",
          "resolved": "https://registry.npmjs.org/type-is/-/type-is-1.5.2.tgz",
          "dependencies": {
            "mime-types": {
              "version": "2.0.2",
              "resolved": "https://registry.npmjs.org/mime-types/-/mime-types-2.0.2.tgz",
              "dependencies": {
                "mime-db": {
                  "version": "1.1.1",
                  "resolved": "https://registry.npmjs.org/mime-db/-/mime-db-1.1.1.tgz"
                }
              }
            }
          }
        },
        "utils-merge": {
          "version": "1.0.0",
          "resolved": "https://registry.npmjs.org/utils-merge/-/utils-merge-1.0.0.tgz"
        },
        "vary": {
          "version": "1.0.0",
          "resolved": "https://registry.npmjs.org/vary/-/vary-1.0.0.tgz"
        }
      }
    },
    "jquery": {
      "version": "2.1.1",
      "resolved": "https://registry.npmjs.org/jquery/-/jquery-2.1.1.tgz"
    },
    "jsx-loader": {
      "version": "0.11.2",
      "resolved": "https://registry.npmjs.org/jsx-loader/-/jsx-loader-0.11.2.tgz",
      "dependencies": {
        "react-tools": {
          "version": "0.11.2",
          "resolved": "https://registry.npmjs.org/react-tools/-/react-tools-0.11.2.tgz",
          "dependencies": {
            "commoner": {
              "version": "0.9.8",
              "resolved": "https://registry.npmjs.org/commoner/-/commoner-0.9.8.tgz",
              "dependencies": {
                "commander": {
                  "version": "2.2.0",
                  "resolved": "https://registry.npmjs.org/commander/-/commander-2.2.0.tgz"
                },
                "glob": {
                  "version": "3.2.11",
                  "resolved": "https://registry.npmjs.org/glob/-/glob-3.2.11.tgz",
                  "dependencies": {
                    "inherits": {
                      "version": "2.0.1",
                      "resolved": "https://registry.npmjs.org/inherits/-/inherits-2.0.1.tgz"
                    },
                    "minimatch": {
                      "version": "0.3.0",
                      "resolved": "https://registry.npmjs.org/minimatch/-/minimatch-0.3.0.tgz",
                      "dependencies": {
                        "lru-cache": {
                          "version": "2.5.0",
                          "resolved": "https://registry.npmjs.org/lru-cache/-/lru-cache-2.5.0.tgz"
                        },
                        "sigmund": {
                          "version": "1.0.0",
                          "resolved": "https://registry.npmjs.org/sigmund/-/sigmund-1.0.0.tgz"
                        }
                      }
                    }
                  }
                },
                "graceful-fs": {
                  "version": "2.0.3",
                  "resolved": "https://registry.npmjs.org/graceful-fs/-/graceful-fs-2.0.3.tgz"
                },
                "iconv-lite": {
                  "version": "0.2.11",
                  "resolved": "https://registry.npmjs.org/iconv-lite/-/iconv-lite-0.2.11.tgz"
                },
                "install": {
                  "version": "0.1.7",
                  "resolved": "https://registry.npmjs.org/install/-/install-0.1.7.tgz",
                  "dependencies": {
                    "whiskey": {
                      "version": "0.6.13",
                      "resolved": "https://registry.npmjs.org/whiskey/-/whiskey-0.6.13.tgz",
                      "dependencies": {
                        "async": {
                          "version": "0.9.0",
                          "resolved": "https://registry.npmjs.org/async/-/async-0.9.0.tgz"
                        },
                        "gex": {
                          "version": "0.0.1",
                          "resolved": "https://registry.npmjs.org/gex/-/gex-0.0.1.tgz"
                        },
                        "logmagic": {
                          "version": "0.1.4",
                          "resolved": "https://registry.npmjs.org/logmagic/-/logmagic-0.1.4.tgz"
                        },
                        "magic-templates": {
                          "version": "0.1.1",
                          "resolved": "https://registry.npmjs.org/magic-templates/-/magic-templates-0.1.1.tgz"
                        },
                        "rimraf": {
                          "version": "1.0.1",
                          "resolved": "https://registry.npmjs.org/rimraf/-/rimraf-1.0.1.tgz"
                        },
                        "simplesets": {
                          "version": "1.1.6",
                          "resolved": "https://registry.npmjs.org/simplesets/-/simplesets-1.1.6.tgz"
                        },
                        "sprintf": {
                          "version": "0.1.4",
                          "resolved": "https://registry.npmjs.org/sprintf/-/sprintf-0.1.4.tgz"
                        },
                        "terminal": {
                          "version": "0.1.3",
                          "resolved": "https://registry.npmjs.org/terminal/-/terminal-0.1.3.tgz"
                        },
                        "underscore": {
                          "version": "1.7.0",
                          "resolved": "https://registry.npmjs.org/underscore/-/underscore-1.7.0.tgz"
                        }
                      }
                    }
                  }
                },
                "mkdirp": {
                  "version": "0.3.5",
                  "resolved": "https://registry.npmjs.org/mkdirp/-/mkdirp-0.3.5.tgz"
                },
                "private": {
                  "version": "0.1.5",
                  "resolved": "https://registry.npmjs.org/private/-/private-0.1.5.tgz"
                },
                "q": {
                  "version": "1.0.1",
                  "resolved": "https://registry.npmjs.org/q/-/q-1.0.1.tgz"
                },
                "recast": {
                  "version": "0.7.5",
                  "resolved": "https://registry.npmjs.org/recast/-/recast-0.7.5.tgz",
                  "dependencies": {
                    "ast-types": {
                      "version": "0.4.13",
                      "resolved": "https://registry.npmjs.org/ast-types/-/ast-types-0.4.13.tgz",
                      "dependencies": {
                        "depd": {
                          "version": "1.0.0",
                          "resolved": "https://registry.npmjs.org/depd/-/depd-1.0.0.tgz"
                        }
                      }
                    },
                    "cls": {
                      "version": "0.1.5",
                      "resolved": "https://registry.npmjs.org/cls/-/cls-0.1.5.tgz"
                    },
                    "source-map": {
                      "version": "0.1.32",
                      "resolved": "https://registry.npmjs.org/source-map/-/source-map-0.1.32.tgz",
                      "dependencies": {
                        "amdefine": {
                          "version": "0.1.0",
                          "resolved": "https://registry.npmjs.org/amdefine/-/amdefine-0.1.0.tgz"
                        }
                      }
                    }
                  }
                }
              }
            },
            "esprima-fb": {
              "version": "6001.1001.0-dev-harmony-fb",
              "resolved": "https://registry.npmjs.org/esprima-fb/-/esprima-fb-6001.1001.0-dev-harmony-fb.tgz"
            },
            "jstransform": {
              "version": "6.3.2",
              "resolved": "https://registry.npmjs.org/jstransform/-/jstransform-6.3.2.tgz",
              "dependencies": {
                "base62": {
                  "version": "0.1.1",
                  "resolved": "https://registry.npmjs.org/base62/-/base62-0.1.1.tgz"
                },
                "esprima-fb": {
                  "version": "6001.1.0-dev-harmony-fb",
                  "resolved": "https://registry.npmjs.org/esprima-fb/-/esprima-fb-6001.1.0-dev-harmony-fb.tgz"
                },
                "source-map": {
                  "version": "0.1.31",
                  "resolved": "https://registry.npmjs.org/source-map/-/source-map-0.1.31.tgz",
                  "dependencies": {
                    "amdefine": {
                      "version": "0.1.0",
                      "resolved": "https://registry.npmjs.org/amdefine/-/amdefine-0.1.0.tgz"
                    }
                  }
                }
              }
            }
          }
        }
      }
    },
    "loader-utils": {
      "version": "0.2.5",
      "resolved": "https://registry.npmjs.org/loader-utils/-/loader-utils-0.2.5.tgz",
      "dependencies": {
        "big.js": {
          "version": "2.5.1",
          "resolved": "https://registry.npmjs.org/big.js/-/big.js-2.5.1.tgz"
        },
        "json5": {
          "version": "0.1.0",
          "resolved": "https://registry.npmjs.org/json5/-/json5-0.1.0.tgz"
        }
      }
    },
    "marked": {
      "version": "0.3.2",
      "resolved": "https://registry.npmjs.org/marked/-/marked-0.3.2.tgz"
    },
    "react": {
      "version": "0.11.2",
      "resolved": "https://registry.npmjs.org/react/-/react-0.11.2.tgz",
      "dependencies": {
        "envify": {
          "version": "2.0.1",
          "resolved": "https://registry.npmjs.org/envify/-/envify-2.0.1.tgz",
          "dependencies": {
            "esprima-fb": {
              "version": "3001.1.0-dev-harmony-fb",
              "resolved": "https://registry.npmjs.org/esprima-fb/-/esprima-fb-3001.0001.0000-dev-harmony-fb.tgz"
            },
            "jstransform": {
              "version": "3.0.0",
              "resolved": "https://registry.npmjs.org/jstransform/-/jstransform-3.0.0.tgz",
              "dependencies": {
                "base62": {
                  "version": "0.1.1",
                  "resolved": "https://registry.npmjs.org/base62/-/base62-0.1.1.tgz"
                },
                "source-map": {
                  "version": "0.1.31",
                  "resolved": "https://registry.npmjs.org/source-map/-/source-map-0.1.31.tgz",
                  "dependencies": {
                    "amdefine": {
                      "version": "0.1.0",
                      "resolved": "https://registry.npmjs.org/amdefine/-/amdefine-0.1.0.tgz"
                    }
                  }
                }
              }
            },
            "through": {
              "version": "2.3.6",
              "resolved": "https://registry.npmjs.org/through/-/through-2.3.6.tgz"
            },
            "xtend": {
              "version": "2.1.2",
              "resolved": "https://registry.npmjs.org/xtend/-/xtend-2.1.2.tgz",
              "dependencies": {
                "object-keys": {
                  "version": "0.4.0",
                  "resolved": "https://registry.npmjs.org/object-keys/-/object-keys-0.4.0.tgz"
                }
              }
            }
          }
        }
      }
    },
    "react-bootstrap": {
      "version": "0.12.0",
      "resolved": "https://registry.npmjs.org/react-bootstrap/-/react-bootstrap-0.12.0.tgz"
    },
    "sleep": {
      "version": "1.1.8",
      "resolved": "https://registry.npmjs.org/sleep/-/sleep-1.1.8.tgz",
      "dependencies": {
        "mkdirp": {
          "version": "0.3.5",
          "resolved": "https://registry.npmjs.org/mkdirp/-/mkdirp-0.3.5.tgz"
        }
      }
    },
    "webpack": {
      "version": "1.4.8",
      "resolved": "https://registry.npmjs.org/webpack/-/webpack-1.4.8.tgz",
      "dependencies": {
        "async": {
          "version": "0.9.0",
          "resolved": "https://registry.npmjs.org/async/-/async-0.9.0.tgz"
        },
        "clone": {
          "version": "0.1.18",
          "resolved": "https://registry.npmjs.org/clone/-/clone-0.1.18.tgz"
        },
        "enhanced-resolve": {
          "version": "0.7.6",
          "resolved": "https://registry.npmjs.org/enhanced-resolve/-/enhanced-resolve-0.7.6.tgz",
          "dependencies": {
            "graceful-fs": {
              "version": "2.0.3",
              "resolved": "https://registry.npmjs.org/graceful-fs/-/graceful-fs-2.0.3.tgz"
            }
          }
        },
        "esprima": {
          "version": "1.2.2",
          "resolved": "https://registry.npmjs.org/esprima/-/esprima-1.2.2.tgz"
        },
        "memory-fs": {
          "version": "0.1.0",
          "resolved": "https://registry.npmjs.org/memory-fs/-/memory-fs-0.1.0.tgz"
        },
        "mkdirp": {
          "version": "0.5.0",
          "resolved": "https://registry.npmjs.org/mkdirp/-/mkdirp-0.5.0.tgz",
          "dependencies": {
            "minimist": {
              "version": "0.0.8",
              "resolved": "https://registry.npmjs.org/minimist/-/minimist-0.0.8.tgz"
            }
          }
        },
        "node-libs-browser": {
          "version": "0.4.0",
          "resolved": "https://registry.npmjs.org/node-libs-browser/-/node-libs-browser-0.4.0.tgz",
          "dependencies": {
            "assert": {
              "version": "1.1.2",
              "resolved": "https://registry.npmjs.org/assert/-/assert-1.1.2.tgz"
            },
            "browserify-zlib": {
              "version": "0.1.4",
              "resolved": "https://registry.npmjs.org/browserify-zlib/-/browserify-zlib-0.1.4.tgz",
              "dependencies": {
                "pako": {
                  "version": "0.2.5",
                  "resolved": "https://registry.npmjs.org/pako/-/pako-0.2.5.tgz"
                }
              }
            },
            "buffer": {
              "version": "2.7.0",
              "resolved": "https://registry.npmjs.org/buffer/-/buffer-2.7.0.tgz",
              "dependencies": {
                "base64-js": {
                  "version": "0.0.7",
                  "resolved": "https://registry.npmjs.org/base64-js/-/base64-js-0.0.7.tgz"
                },
                "ieee754": {
                  "version": "1.1.4",
                  "resolved": "https://registry.npmjs.org/ieee754/-/ieee754-1.1.4.tgz"
                },
                "is-array": {
                  "version": "1.0.1",
                  "resolved": "https://registry.npmjs.org/is-array/-/is-array-1.0.1.tgz"
                }
              }
            },
            "console-browserify": {
              "version": "1.1.0",
              "resolved": "https://registry.npmjs.org/console-browserify/-/console-browserify-1.1.0.tgz",
              "dependencies": {
                "date-now": {
                  "version": "0.1.4",
                  "resolved": "https://registry.npmjs.org/date-now/-/date-now-0.1.4.tgz"
                }
              }
            },
            "constants-browserify": {
              "version": "0.0.1",
              "resolved": "https://registry.npmjs.org/constants-browserify/-/constants-browserify-0.0.1.tgz"
            },
            "crypto-browserify": {
              "version": "3.2.8",
              "resolved": "https://registry.npmjs.org/crypto-browserify/-/crypto-browserify-3.2.8.tgz",
              "dependencies": {
                "pbkdf2-compat": {
                  "version": "2.0.1",
                  "resolved": "https://registry.npmjs.org/pbkdf2-compat/-/pbkdf2-compat-2.0.1.tgz"
                },
                "ripemd160": {
                  "version": "0.2.0",
                  "resolved": "https://registry.npmjs.org/ripemd160/-/ripemd160-0.2.0.tgz"
                },
                "sha.js": {
                  "version": "2.2.6",
                  "resolved": "https://registry.npmjs.org/sha.js/-/sha.js-2.2.6.tgz"
                }
              }
            },
            "domain-browser": {
              "version": "1.1.3",
              "resolved": "https://registry.npmjs.org/domain-browser/-/domain-browser-1.1.3.tgz"
            },
            "events": {
              "version": "1.0.2",
              "resolved": "https://registry.npmjs.org/events/-/events-1.0.2.tgz"
            },
            "http-browserify": {
              "version": "1.7.0",
              "resolved": "https://registry.npmjs.org/http-browserify/-/http-browserify-1.7.0.tgz",
              "dependencies": {
                "Base64": {
                  "version": "0.2.1",
                  "resolved": "https://registry.npmjs.org/Base64/-/Base64-0.2.1.tgz"
                },
                "inherits": {
                  "version": "2.0.1",
                  "resolved": "https://registry.npmjs.org/inherits/-/inherits-2.0.1.tgz"
                }
              }
            },
            "https-browserify": {
              "version": "0.0.0",
              "resolved": "https://registry.npmjs.org/https-browserify/-/https-browserify-0.0.0.tgz"
            },
            "os-browserify": {
              "version": "0.1.2",
              "resolved": "https://registry.npmjs.org/os-browserify/-/os-browserify-0.1.2.tgz"
            },
            "path-browserify": {
              "version": "0.0.0",
              "resolved": "https://registry.npmjs.org/path-browserify/-/path-browserify-0.0.0.tgz"
            },
            "process": {
              "version": "0.7.0",
              "resolved": "https://registry.npmjs.org/process/-/process-0.7.0.tgz"
            },
            "punycode": {
              "version": "1.3.1",
              "resolved": "https://registry.npmjs.org/punycode/-/punycode-1.3.1.tgz"
            },
            "querystring-es3": {
              "version": "0.2.1",
              "resolved": "https://registry.npmjs.org/querystring-es3/-/querystring-es3-0.2.1.tgz"
            },
            "readable-stream": {
              "version": "1.1.13",
              "resolved": "https://registry.npmjs.org/readable-stream/-/readable-stream-1.1.13.tgz",
              "dependencies": {
                "core-util-is": {
                  "version": "1.0.1",
                  "resolved": "https://registry.npmjs.org/core-util-is/-/core-util-is-1.0.1.tgz"
                },
                "inherits": {
                  "version": "2.0.1",
                  "resolved": "https://registry.npmjs.org/inherits/-/inherits-2.0.1.tgz"
                },
                "isarray": {
                  "version": "0.0.1",
                  "resolved": "https://registry.npmjs.org/isarray/-/isarray-0.0.1.tgz"
                }
              }
            },
            "stream-browserify": {
              "version": "1.0.0",
              "resolved": "https://registry.npmjs.org/stream-browserify/-/stream-browserify-1.0.0.tgz",
              "dependencies": {
                "inherits": {
                  "version": "2.0.1",
                  "resolved": "https://registry.npmjs.org/inherits/-/inherits-2.0.1.tgz"
                }
              }
            },
            "string_decoder": {
              "version": "0.10.31",
              "resolved": "https://registry.npmjs.org/string_decoder/-/string_decoder-0.10.31.tgz"
            },
            "timers-browserify": {
              "version": "1.1.0",
              "resolved": "https://registry.npmjs.org/timers-browserify/-/timers-browserify-1.1.0.tgz",
              "dependencies": {
                "process": {
                  "version": "0.5.2",
                  "resolved": "https://registry.npmjs.org/process/-/process-0.5.2.tgz"
                }
              }
            },
            "tty-browserify": {
              "version": "0.0.0",
              "resolved": "https://registry.npmjs.org/tty-browserify/-/tty-browserify-0.0.0.tgz"
            },
            "url": {
              "version": "0.10.1",
              "resolved": "https://registry.npmjs.org/url/-/url-0.10.1.tgz",
              "dependencies": {
                "punycode": {
                  "version": "1.2.4",
                  "resolved": "https://registry.npmjs.org/punycode/-/punycode-1.2.4.tgz"
                }
              }
            },
            "util": {
              "version": "0.10.3",
              "resolved": "https://registry.npmjs.org/util/-/util-0.10.3.tgz",
              "dependencies": {
                "inherits": {
                  "version": "2.0.1",
                  "resolved": "https://registry.npmjs.org/inherits/-/inherits-2.0.1.tgz"
                }
              }
            },
            "vm-browserify": {
              "version": "0.0.4",
              "resolved": "https://registry.npmjs.org/vm-browserify/-/vm-browserify-0.0.4.tgz",
              "dependencies": {
                "indexof": {
                  "version": "0.0.1",
                  "resolved": "https://registry.npmjs.org/indexof/-/indexof-0.0.1.tgz"
                }
              }
            }
          }
        },
        "optimist": {
          "version": "0.6.1",
          "resolved": "https://registry.npmjs.org/optimist/-/optimist-0.6.1.tgz",
          "dependencies": {
            "minimist": {
              "version": "0.0.10",
              "resolved": "https://registry.npmjs.org/minimist/-/minimist-0.0.10.tgz"
            },
            "wordwrap": {
              "version": "0.0.2",
              "resolved": "https://registry.npmjs.org/wordwrap/-/wordwrap-0.0.2.tgz"
            }
          }
        },
        "tapable": {
          "version": "0.1.8",
          "resolved": "https://registry.npmjs.org/tapable/-/tapable-0.1.8.tgz"
        },
        "uglify-js": {
          "version": "2.4.15",
          "resolved": "https://registry.npmjs.org/uglify-js/-/uglify-js-2.4.15.tgz",
          "dependencies": {
            "async": {
              "version": "0.2.10",
              "resolved": "https://registry.npmjs.org/async/-/async-0.2.10.tgz"
            },
            "optimist": {
              "version": "0.3.7",
              "resolved": "https://registry.npmjs.org/optimist/-/optimist-0.3.7.tgz",
              "dependencies": {
                "wordwrap": {
                  "version": "0.0.2",
                  "resolved": "https://registry.npmjs.org/wordwrap/-/wordwrap-0.0.2.tgz"
                }
              }
            },
            "source-map": {
              "version": "0.1.34",
              "resolved": "https://registry.npmjs.org/source-map/-/source-map-0.1.34.tgz",
              "dependencies": {
                "amdefine": {
                  "version": "0.1.0",
                  "resolved": "https://registry.npmjs.org/amdefine/-/amdefine-0.1.0.tgz"
                }
              }
            },
            "uglify-to-browserify": {
              "version": "1.0.2",
              "resolved": "https://registry.npmjs.org/uglify-to-browserify/-/uglify-to-browserify-1.0.2.tgz"
            }
          }
        },
        "watchpack": {
          "version": "0.1.0",
          "resolved": "https://registry.npmjs.org/watchpack/-/watchpack-0.1.0.tgz",
          "dependencies": {
            "chokidar": {
              "version": "0.8.4",
              "resolved": "https://registry.npmjs.org/chokidar/-/chokidar-0.8.4.tgz",
              "dependencies": {
                "fsevents": {
                  "version": "0.2.1",
                  "from": "fsevents@git+https://github.com/pipobscure/fsevents#7dcdf9fa3f8956610fd6f69f72c67bace2de7138",
                  "resolved": "git+https://github.com/pipobscure/fsevents#7dcdf9fa3f8956610fd6f69f72c67bace2de7138",
                  "dependencies": {
                    "nan": {
                      "version": "0.8.0",
                      "resolved": "https://registry.npmjs.org/nan/-/nan-0.8.0.tgz"
                    }
                  }
                },
                "recursive-readdir": {
                  "version": "0.0.2",
                  "resolved": "https://registry.npmjs.org/recursive-readdir/-/recursive-readdir-0.0.2.tgz"
                }
              }
            },
            "graceful-fs": {
              "version": "3.0.4",
              "resolved": "https://registry.npmjs.org/graceful-fs/-/graceful-fs-3.0.4.tgz"
            }
          }
        },
        "webpack-core": {
          "version": "0.4.8",
          "resolved": "https://registry.npmjs.org/webpack-core/-/webpack-core-0.4.8.tgz",
          "dependencies": {
            "source-map": {
              "version": "0.1.40",
              "resolved": "https://registry.npmjs.org/source-map/-/source-map-0.1.40.tgz",
              "dependencies": {
                "amdefine": {
                  "version": "0.1.0",
                  "resolved": "https://registry.npmjs.org/amdefine/-/amdefine-0.1.0.tgz"
                }
              }
            }
          }
        }
      }
    }
  }
}